{
  "nodes": {
    "dwl": {
      "flake": false,
      "locked": {
        "lastModified": 1710180073,
        "narHash": "sha256-Dd2466wNfR/foZsBh8r0l/Q+lbr7zIFFumnQr2IVKb0=",
        "ref": "refs/heads/main",
        "rev": "2b171fd5010379a8674afa012245fea5a590e472",
        "revCount": 1155,
        "type": "git",
        "url": "https://codeberg.org/dwl/dwl"
      },
      "original": {
        "type": "git",
        "url": "https://codeberg.org/dwl/dwl"
      }
    },
    "dwl-patches": {
      "flake": false,
      "locked": {
        "lastModified": 1710591104,
        "narHash": "sha256-4iUmiahs0ze+fKgA6fwq7GAKqB685arkjAJEBBd8yvo=",
        "ref": "refs/heads/main",
        "rev": "b6031b0c38478714a7f4ade1f449899f6bf92bb1",
        "revCount": 140,
        "type": "git",
        "url": "https://codeberg.org/dwl/dwl-patches"
      },
      "original": {
        "type": "git",
        "url": "https://codeberg.org/dwl/dwl-patches"
      }
    },
    "nixpkgs": {
      "locked": {
        "lastModified": 1710451336,
        "narHash": "sha256-pP86Pcfu3BrAvRO7R64x7hs+GaQrjFes+mEPowCfkxY=",
        "owner": "nixos",
        "repo": "nixpkgs",
        "rev": "d691274a972b3165335d261cc4671335f5c67de9",
        "type": "github"
      },
      "original": {
        "owner": "nixos",
        "ref": "nixos-unstable",
        "repo": "nixpkgs",
        "type": "github"
      }
    },
    "root": {
      "inputs": {
        "dwl": "dwl",
        "dwl-patches": "dwl-patches",
        "nixpkgs": "nixpkgs",
        "somebar": "somebar",
        "sway-audio-idle-inhibit": "sway-audio-idle-inhibit"
      }
    },
    "somebar": {
      "flake": false,
      "locked": {
        "lastModified": 1708085853,
        "narHash": "sha256-4s9tj5+lOkYjF5cuFRrR1R1S5nzqvZFq9SUAFuA8QXc=",
        "owner": "~raphi",
        "repo": "somebar",
        "rev": "6572b98d697fef50473366bf4b598e66c0be3e54",
        "type": "sourcehut"
      },
      "original": {
        "owner": "~raphi",
        "repo": "somebar",
        "type": "sourcehut"
      }
    },
    "sway-audio-idle-inhibit": {
      "flake": false,
      "locked": {
        "lastModified": 1707589229,
        "narHash": "sha256-Y5eOyxB63YgMoIQSic4zGLVuXVErAnjajRdboNBmKyQ=",
        "owner": "ErikReider",
        "repo": "SwayAudioIdleInhibit",
        "rev": "8ac8608d31e18e5a064002c2a1ef73a683ea9537",
        "type": "github"
      },
      "original": {
        "owner": "ErikReider",
        "repo": "SwayAudioIdleInhibit",
        "type": "github"
      }
    }
  },
  "root": "root",
  "version": 7
}
