{
  "nodes": {
    "nixpkgs": {
      "locked": {
        "lastModified": 1695830400,
        "narHash": "sha256-gToZXQVr0G/1WriO83olnqrLSHF2Jb8BPcmCt497ro0=",
        "owner": "nixos",
        "repo": "nixpkgs",
        "rev": "8a86b98f0ba1c405358f1b71ff8b5e1d317f5db2",
        "type": "github"
      },
      "original": {
        "owner": "nixos",
        "ref": "nixos-unstable",
        "repo": "nixpkgs",
        "type": "github"
      }
    },
    "root": {
      "inputs": {
        "nixpkgs": "nixpkgs",
        "somebar": "somebar",
        "sway-audio-idle-inhibit": "sway-audio-idle-inhibit"
      }
    },
    "somebar": {
      "flake": false,
      "locked": {
        "lastModified": 1691000288,
        "narHash": "sha256-9KYuX2bwRKiHiRHsFthdZ+TVkJE8Cjm+f78f9qhbB90=",
        "owner": "~raphi",
        "repo": "somebar",
        "rev": "8c52d4704c0ac52c946e41a1a68c8292eb83d0d2",
        "type": "sourcehut"
      },
      "original": {
        "owner": "~raphi",
        "repo": "somebar",
        "type": "sourcehut"
      }
    },
    "sway-audio-idle-inhibit": {
      "flake": false,
      "locked": {
        "lastModified": 1691602798,
        "narHash": "sha256-MKzyF5xY0uJ/UWewr8VFrK0y7ekvcWpMv/u9CHG14gs=",
        "owner": "ErikReider",
        "repo": "SwayAudioIdleInhibit",
        "rev": "c850bc4812216d03e05083c69aa05326a7fab9c7",
        "type": "github"
      },
      "original": {
        "owner": "ErikReider",
        "repo": "SwayAudioIdleInhibit",
        "type": "github"
      }
    }
  },
  "root": "root",
  "version": 7
}
